PODS:
  - Alamofire (5.4.3)
  - Kingfisher (6.3.0)
  - Swinject (2.7.1)

DEPENDENCIES:
  - Alamofire
  - Kingfisher
  - Swinject

SPEC REPOS:
  trunk:
    - Alamofire
    - Kingfisher
    - Swinject

SPEC CHECKSUMS:
  Alamofire: e447a2774a40c996748296fa2c55112fdbbc42f9
  Kingfisher: 6c3df386db71d82c0817a429d2c9421a77396529
  Swinject: ddf78b8486dd9b71a667b852cad919ab4484478e

PODFILE CHECKSUM: b943965207268fa3369edfce981241e52c74c7e1

COCOAPODS: 1.10.1
